{
  "version": "5",
  "specifiers": {
    "npm:@types/nodemailer@^6.4.14": "6.4.21",
    "npm:handlebars@^4.7.8": "4.7.8",
    "npm:nodemailer@^6.9.7": "6.10.1"
  },
  "npm": {
    "@aws-crypto/sha256-browser@5.2.0": {
      "integrity": "sha512-AXfN/lGotSQwu6HNcEsIASo7kWXZ5HYWvfOmSNKDsEqC4OashTp8alTmaz+F7TC2L083SFv5RdB+qU3Vs1kZqw==",
      "dependencies": [
        "@aws-crypto/sha256-js",
        "@aws-crypto/supports-web-crypto",
        "@aws-crypto/util",
        "@aws-sdk/types",
        "@aws-sdk/util-locate-window",
        "@smithy/util-utf8@2.3.0",
        "tslib"
      ]
    },
    "@aws-crypto/sha256-js@5.2.0": {
      "integrity": "sha512-FFQQyu7edu4ufvIZ+OadFpHHOt+eSTBaYaki44c+akjg7qZg9oOQeLlk77F6tSYqjDAFClrHJk9tMf0HdVyOvA==",
      "dependencies": [
        "@aws-crypto/util",
        "@aws-sdk/types",
        "tslib"
      ]
    },
    "@aws-crypto/supports-web-crypto@5.2.0": {
      "integrity": "sha512-iAvUotm021kM33eCdNfwIN//F77/IADDSs58i+MDaOqFrVjZo9bAal0NK7HurRuWLLpF1iLX7gbWrjHjeo+YFg==",
      "dependencies": [
        "tslib"
      ]
    },
    "@aws-crypto/util@5.2.0": {
      "integrity": "sha512-4RkU9EsI6ZpBve5fseQlGNUWKMa1RLPQ1dnjnQoe07ldfIzcsGb5hC5W0Dm7u423KWzawlrpbjXBrXCEv9zazQ==",
      "dependencies": [
        "@aws-sdk/types",
        "@smithy/util-utf8@2.3.0",
        "tslib"
      ]
    },
    "@aws-sdk/client-ses@3.946.0": {
      "integrity": "sha512-8haC9kzCVjrsgYFLHbvZw0+GF3f9ezkgkUCsGQEGqerBjHSHkm4YB0+Nje1RGrM8PcPVFMnvCXxc+98eGPcvQw==",
      "dependencies": [
        "@aws-crypto/sha256-browser",
        "@aws-crypto/sha256-js",
        "@aws-sdk/core",
        "@aws-sdk/credential-provider-node",
        "@aws-sdk/middleware-host-header",
        "@aws-sdk/middleware-logger",
        "@aws-sdk/middleware-recursion-detection",
        "@aws-sdk/middleware-user-agent",
        "@aws-sdk/region-config-resolver",
        "@aws-sdk/types",
        "@aws-sdk/util-endpoints",
        "@aws-sdk/util-user-agent-browser",
        "@aws-sdk/util-user-agent-node",
        "@smithy/config-resolver",
        "@smithy/core",
        "@smithy/fetch-http-handler",
        "@smithy/hash-node",
        "@smithy/invalid-dependency",
        "@smithy/middleware-content-length",
        "@smithy/middleware-endpoint",
        "@smithy/middleware-retry",
        "@smithy/middleware-serde",
        "@smithy/middleware-stack",
        "@smithy/node-config-provider",
        "@smithy/node-http-handler",
        "@smithy/protocol-http",
        "@smithy/smithy-client",
        "@smithy/types",
        "@smithy/url-parser",
        "@smithy/util-base64",
        "@smithy/util-body-length-browser",
        "@smithy/util-body-length-node",
        "@smithy/util-defaults-mode-browser",
        "@smithy/util-defaults-mode-node",
        "@smithy/util-endpoints",
        "@smithy/util-middleware",
        "@smithy/util-retry",
        "@smithy/util-utf8@4.2.0",
        "@smithy/util-waiter",
        "tslib"
      ]
    },
    "@aws-sdk/client-sso@3.946.0": {
      "integrity": "sha512-kGAs5iIVyUz4p6TX3pzG5q3cNxXnVpC4pwRC6DCSaSv9ozyPjc2d74FsK4fZ+J+ejtvCdJk72uiuQtWJc86Wuw==",
      "dependencies": [
        "@aws-crypto/sha256-browser",
        "@aws-crypto/sha256-js",
        "@aws-sdk/core",
        "@aws-sdk/middleware-host-header",
        "@aws-sdk/middleware-logger",
        "@aws-sdk/middleware-recursion-detection",
        "@aws-sdk/middleware-user-agent",
        "@aws-sdk/region-config-resolver",
        "@aws-sdk/types",
        "@aws-sdk/util-endpoints",
        "@aws-sdk/util-user-agent-browser",
        "@aws-sdk/util-user-agent-node",
        "@smithy/config-resolver",
        "@smithy/core",
        "@smithy/fetch-http-handler",
        "@smithy/hash-node",
        "@smithy/invalid-dependency",
        "@smithy/middleware-content-length",
        "@smithy/middleware-endpoint",
        "@smithy/middleware-retry",
        "@smithy/middleware-serde",
        "@smithy/middleware-stack",
        "@smithy/node-config-provider",
        "@smithy/node-http-handler",
        "@smithy/protocol-http",
        "@smithy/smithy-client",
        "@smithy/types",
        "@smithy/url-parser",
        "@smithy/util-base64",
        "@smithy/util-body-length-browser",
        "@smithy/util-body-length-node",
        "@smithy/util-defaults-mode-browser",
        "@smithy/util-defaults-mode-node",
        "@smithy/util-endpoints",
        "@smithy/util-middleware",
        "@smithy/util-retry",
        "@smithy/util-utf8@4.2.0",
        "tslib"
      ]
    },
    "@aws-sdk/core@3.946.0": {
      "integrity": "sha512-u2BkbLLVbMFrEiXrko2+S6ih5sUZPlbVyRPtXOqMHlCyzr70sE8kIiD6ba223rQeIFPcYfW/wHc6k4ihW2xxVg==",
      "dependencies": [
        "@aws-sdk/types",
        "@aws-sdk/xml-builder",
        "@smithy/core",
        "@smithy/node-config-provider",
        "@smithy/property-provider",
        "@smithy/protocol-http",
        "@smithy/signature-v4",
        "@smithy/smithy-client",
        "@smithy/types",
        "@smithy/util-base64",
        "@smithy/util-middleware",
        "@smithy/util-utf8@4.2.0",
        "tslib"
      ]
    },
    "@aws-sdk/credential-provider-env@3.946.0": {
      "integrity": "sha512-P4l+K6wX1tf8LmWUvZofdQ+BgCNyk6Tb9u1H10npvqpuCD+dCM4pXIBq3PQcv/juUBOvLGGREo+Govuh3lfD0Q==",
      "dependencies": [
        "@aws-sdk/core",
        "@aws-sdk/types",
        "@smithy/property-provider",
        "@smithy/types",
        "tslib"
      ]
    },
    "@aws-sdk/credential-provider-http@3.946.0": {
      "integrity": "sha512-/zeOJ6E7dGZQ/l2k7KytEoPJX0APIhwt0A79hPf/bUpMF4dDs2P6JmchDrotk0a0Y/MIdNF8sBQ/MEOPnBiYoQ==",
      "dependencies": [
        "@aws-sdk/core",
        "@aws-sdk/types",
        "@smithy/fetch-http-handler",
        "@smithy/node-http-handler",
        "@smithy/property-provider",
        "@smithy/protocol-http",
        "@smithy/smithy-client",
        "@smithy/types",
        "@smithy/util-stream",
        "tslib"
      ]
    },
    "@aws-sdk/credential-provider-ini@3.946.0": {
      "integrity": "sha512-Pdgcra3RivWj/TuZmfFaHbqsvvgnSKO0CxlRUMMr0PgBiCnUhyl+zBktdNOeGsOPH2fUzQpYhcUjYUgVSdcSDQ==",
      "dependencies": [
        "@aws-sdk/core",
        "@aws-sdk/credential-provider-env",
        "@aws-sdk/credential-provider-http",
        "@aws-sdk/credential-provider-login",
        "@aws-sdk/credential-provider-process",
        "@aws-sdk/credential-provider-sso",
        "@aws-sdk/credential-provider-web-identity",
        "@aws-sdk/nested-clients",
        "@aws-sdk/types",
        "@smithy/credential-provider-imds",
        "@smithy/property-provider",
        "@smithy/shared-ini-file-loader",
        "@smithy/types",
        "tslib"
      ]
    },
    "@aws-sdk/credential-provider-login@3.946.0": {
      "integrity": "sha512-5iqLNc15u2Zx+7jOdQkIbP62N7n2031tw5hkmIG0DLnozhnk64osOh2CliiOE9x3c4P9Pf4frAwgyy9GzNTk2g==",
      "dependencies": [
        "@aws-sdk/core",
        "@aws-sdk/nested-clients",
        "@aws-sdk/types",
        "@smithy/property-provider",
        "@smithy/protocol-http",
        "@smithy/shared-ini-file-loader",
        "@smithy/types",
        "tslib"
      ]
    },
    "@aws-sdk/credential-provider-node@3.946.0": {
      "integrity": "sha512-I7URUqnBPng1a5y81OImxrwERysZqMBREG6svhhGeZgxmqcpAZ8z5ywILeQXdEOCuuES8phUp/ojzxFjPXp/eA==",
      "dependencies": [
        "@aws-sdk/credential-provider-env",
        "@aws-sdk/credential-provider-http",
        "@aws-sdk/credential-provider-ini",
        "@aws-sdk/credential-provider-process",
        "@aws-sdk/credential-provider-sso",
        "@aws-sdk/credential-provider-web-identity",
        "@aws-sdk/types",
        "@smithy/credential-provider-imds",
        "@smithy/property-provider",
        "@smithy/shared-ini-file-loader",
        "@smithy/types",
        "tslib"
      ]
    },
    "@aws-sdk/credential-provider-process@3.946.0": {
      "integrity": "sha512-GtGHX7OGqIeVQ3DlVm5RRF43Qmf3S1+PLJv9svrdvAhAdy2bUb044FdXXqrtSsIfpzTKlHgQUiRo5MWLd35Ntw==",
      "dependencies": [
        "@aws-sdk/core",
        "@aws-sdk/types",
        "@smithy/property-provider",
        "@smithy/shared-ini-file-loader",
        "@smithy/types",
        "tslib"
      ]
    },
    "@aws-sdk/credential-provider-sso@3.946.0": {
      "integrity": "sha512-LeGSSt2V5iwYey1ENGY75RmoDP3bA2iE/py8QBKW8EDA8hn74XBLkprhrK5iccOvU3UGWY8WrEKFAFGNjJOL9g==",
      "dependencies": [
        "@aws-sdk/client-sso",
        "@aws-sdk/core",
        "@aws-sdk/token-providers",
        "@aws-sdk/types",
        "@smithy/property-provider",
        "@smithy/shared-ini-file-loader",
        "@smithy/types",
        "tslib"
      ]
    },
    "@aws-sdk/credential-provider-web-identity@3.946.0": {
      "integrity": "sha512-ocBCvjWfkbjxElBI1QUxOnHldsNhoU0uOICFvuRDAZAoxvypJHN3m5BJkqb7gqorBbcv3LRgmBdEnWXOAvq+7Q==",
      "dependencies": [
        "@aws-sdk/core",
        "@aws-sdk/nested-clients",
        "@aws-sdk/types",
        "@smithy/property-provider",
        "@smithy/shared-ini-file-loader",
        "@smithy/types",
        "tslib"
      ]
    },
    "@aws-sdk/middleware-host-header@3.936.0": {
      "integrity": "sha512-tAaObaAnsP1XnLGndfkGWFuzrJYuk9W0b/nLvol66t8FZExIAf/WdkT2NNAWOYxljVs++oHnyHBCxIlaHrzSiw==",
      "dependencies": [
        "@aws-sdk/types",
        "@smithy/protocol-http",
        "@smithy/types",
        "tslib"
      ]
    },
    "@aws-sdk/middleware-logger@3.936.0": {
      "integrity": "sha512-aPSJ12d3a3Ea5nyEnLbijCaaYJT2QjQ9iW+zGh5QcZYXmOGWbKVyPSxmVOboZQG+c1M8t6d2O7tqrwzIq8L8qw==",
      "dependencies": [
        "@aws-sdk/types",
        "@smithy/types",
        "tslib"
      ]
    },
    "@aws-sdk/middleware-recursion-detection@3.936.0": {
      "integrity": "sha512-l4aGbHpXM45YNgXggIux1HgsCVAvvBoqHPkqLnqMl9QVapfuSTjJHfDYDsx1Xxct6/m7qSMUzanBALhiaGO2fA==",
      "dependencies": [
        "@aws-sdk/types",
        "@aws/lambda-invoke-store",
        "@smithy/protocol-http",
        "@smithy/types",
        "tslib"
      ]
    },
    "@aws-sdk/middleware-user-agent@3.946.0": {
      "integrity": "sha512-7QcljCraeaWQNuqmOoAyZs8KpZcuhPiqdeeKoRd397jVGNRehLFsZbIMOvwaluUDFY11oMyXOkQEERe1Zo2fCw==",
      "dependencies": [
        "@aws-sdk/core",
        "@aws-sdk/types",
        "@aws-sdk/util-endpoints",
        "@smithy/core",
        "@smithy/protocol-http",
        "@smithy/types",
        "tslib"
      ]
    },
    "@aws-sdk/nested-clients@3.946.0": {
      "integrity": "sha512-rjAtEguukeW8mlyEQMQI56vxFoyWlaNwowmz1p1rav948SUjtrzjHAp4TOQWhibb7AR7BUTHBCgIcyCRjBEf4g==",
      "dependencies": [
        "@aws-crypto/sha256-browser",
        "@aws-crypto/sha256-js",
        "@aws-sdk/core",
        "@aws-sdk/middleware-host-header",
        "@aws-sdk/middleware-logger",
        "@aws-sdk/middleware-recursion-detection",
        "@aws-sdk/middleware-user-agent",
        "@aws-sdk/region-config-resolver",
        "@aws-sdk/types",
        "@aws-sdk/util-endpoints",
        "@aws-sdk/util-user-agent-browser",
        "@aws-sdk/util-user-agent-node",
        "@smithy/config-resolver",
        "@smithy/core",
        "@smithy/fetch-http-handler",
        "@smithy/hash-node",
        "@smithy/invalid-dependency",
        "@smithy/middleware-content-length",
        "@smithy/middleware-endpoint",
        "@smithy/middleware-retry",
        "@smithy/middleware-serde",
        "@smithy/middleware-stack",
        "@smithy/node-config-provider",
        "@smithy/node-http-handler",
        "@smithy/protocol-http",
        "@smithy/smithy-client",
        "@smithy/types",
        "@smithy/url-parser",
        "@smithy/util-base64",
        "@smithy/util-body-length-browser",
        "@smithy/util-body-length-node",
        "@smithy/util-defaults-mode-browser",
        "@smithy/util-defaults-mode-node",
        "@smithy/util-endpoints",
        "@smithy/util-middleware",
        "@smithy/util-retry",
        "@smithy/util-utf8@4.2.0",
        "tslib"
      ]
    },
    "@aws-sdk/region-config-resolver@3.936.0": {
      "integrity": "sha512-wOKhzzWsshXGduxO4pqSiNyL9oUtk4BEvjWm9aaq6Hmfdoydq6v6t0rAGHWPjFwy9z2haovGRi3C8IxdMB4muw==",
      "dependencies": [
        "@aws-sdk/types",
        "@smithy/config-resolver",
        "@smithy/node-config-provider",
        "@smithy/types",
        "tslib"
      ]
    },
    "@aws-sdk/token-providers@3.946.0": {
      "integrity": "sha512-a5c+rM6CUPX2ExmUZ3DlbLlS5rQr4tbdoGcgBsjnAHiYx8MuMNAI+8M7wfjF13i2yvUQj5WEIddvLpayfEZj9g==",
      "dependencies": [
        "@aws-sdk/core",
        "@aws-sdk/nested-clients",
        "@aws-sdk/types",
        "@smithy/property-provider",
        "@smithy/shared-ini-file-loader",
        "@smithy/types",
        "tslib"
      ]
    },
    "@aws-sdk/types@3.936.0": {
      "integrity": "sha512-uz0/VlMd2pP5MepdrHizd+T+OKfyK4r3OA9JI+L/lPKg0YFQosdJNCKisr6o70E3dh8iMpFYxF1UN/4uZsyARg==",
      "dependencies": [
        "@smithy/types",
        "tslib"
      ]
    },
    "@aws-sdk/util-endpoints@3.936.0": {
      "integrity": "sha512-0Zx3Ntdpu+z9Wlm7JKUBOzS9EunwKAb4KdGUQQxDqh5Lc3ta5uBoub+FgmVuzwnmBu9U1Os8UuwVTH0Lgu+P5w==",
      "dependencies": [
        "@aws-sdk/types",
        "@smithy/types",
        "@smithy/url-parser",
        "@smithy/util-endpoints",
        "tslib"
      ]
    },
    "@aws-sdk/util-locate-window@3.893.0": {
      "integrity": "sha512-T89pFfgat6c8nMmpI8eKjBcDcgJq36+m9oiXbcUzeU55MP9ZuGgBomGjGnHaEyF36jenW9gmg3NfZDm0AO2XPg==",
      "dependencies": [
        "tslib"
      ]
    },
    "@aws-sdk/util-user-agent-browser@3.936.0": {
      "integrity": "sha512-eZ/XF6NxMtu+iCma58GRNRxSq4lHo6zHQLOZRIeL/ghqYJirqHdenMOwrzPettj60KWlv827RVebP9oNVrwZbw==",
      "dependencies": [
        "@aws-sdk/types",
        "@smithy/types",
        "bowser",
        "tslib"
      ]
    },
    "@aws-sdk/util-user-agent-node@3.946.0": {
      "integrity": "sha512-a2UwwvzbK5AxHKUBupfg4s7VnkqRAHjYsuezHnKCniczmT4HZfP1NnfwwvLKEH8qaTrwenxjKSfq4UWmWkvG+Q==",
      "dependencies": [
        "@aws-sdk/middleware-user-agent",
        "@aws-sdk/types",
        "@smithy/node-config-provider",
        "@smithy/types",
        "tslib"
      ]
    },
    "@aws-sdk/xml-builder@3.930.0": {
      "integrity": "sha512-YIfkD17GocxdmlUVc3ia52QhcWuRIUJonbF8A2CYfcWNV3HzvAqpcPeC0bYUhkK+8e8YO1ARnLKZQE0TlwzorA==",
      "dependencies": [
        "@smithy/types",
        "fast-xml-parser",
        "tslib"
      ]
    },
    "@aws/lambda-invoke-store@0.2.2": {
      "integrity": "sha512-C0NBLsIqzDIae8HFw9YIrIBsbc0xTiOtt7fAukGPnqQ/+zZNaq+4jhuccltK0QuWHBnNm/a6kLIRA6GFiM10eg=="
    },
    "@smithy/abort-controller@4.2.5": {
      "integrity": "sha512-j7HwVkBw68YW8UmFRcjZOmssE77Rvk0GWAIN1oFBhsaovQmZWYCIcGa9/pwRB0ExI8Sk9MWNALTjftjHZea7VA==",
      "dependencies": [
        "@smithy/types",
        "tslib"
      ]
    },
    "@smithy/config-resolver@4.4.3": {
      "integrity": "sha512-ezHLe1tKLUxDJo2LHtDuEDyWXolw8WGOR92qb4bQdWq/zKenO5BvctZGrVJBK08zjezSk7bmbKFOXIVyChvDLw==",
      "dependencies": [
        "@smithy/node-config-provider",
        "@smithy/types",
        "@smithy/util-config-provider",
        "@smithy/util-endpoints",
        "@smithy/util-middleware",
        "tslib"
      ]
    },
    "@smithy/core@3.18.7": {
      "integrity": "sha512-axG9MvKhMWOhFbvf5y2DuyTxQueO0dkedY9QC3mAfndLosRI/9LJv8WaL0mw7ubNhsO4IuXX9/9dYGPFvHrqlw==",
      "dependencies": [
        "@smithy/middleware-serde",
        "@smithy/protocol-http",
        "@smithy/types",
        "@smithy/util-base64",
        "@smithy/util-body-length-browser",
        "@smithy/util-middleware",
        "@smithy/util-stream",
        "@smithy/util-utf8@4.2.0",
        "@smithy/uuid",
        "tslib"
      ]
    },
    "@smithy/credential-provider-imds@4.2.5": {
      "integrity": "sha512-BZwotjoZWn9+36nimwm/OLIcVe+KYRwzMjfhd4QT7QxPm9WY0HiOV8t/Wlh+HVUif0SBVV7ksq8//hPaBC/okQ==",
      "dependencies": [
        "@smithy/node-config-provider",
        "@smithy/property-provider",
        "@smithy/types",
        "@smithy/url-parser",
        "tslib"
      ]
    },
    "@smithy/fetch-http-handler@5.3.6": {
      "integrity": "sha512-3+RG3EA6BBJ/ofZUeTFJA7mHfSYrZtQIrDP9dI8Lf7X6Jbos2jptuLrAAteDiFVrmbEmLSuRG/bUKzfAXk7dhg==",
      "dependencies": [
        "@smithy/protocol-http",
        "@smithy/querystring-builder",
        "@smithy/types",
        "@smithy/util-base64",
        "tslib"
      ]
    },
    "@smithy/hash-node@4.2.5": {
      "integrity": "sha512-DpYX914YOfA3UDT9CN1BM787PcHfWRBB43fFGCYrZFUH0Jv+5t8yYl+Pd5PW4+QzoGEDvn5d5QIO4j2HyYZQSA==",
      "dependencies": [
        "@smithy/types",
        "@smithy/util-buffer-from@4.2.0",
        "@smithy/util-utf8@4.2.0",
        "tslib"
      ]
    },
    "@smithy/invalid-dependency@4.2.5": {
      "integrity": "sha512-2L2erASEro1WC5nV+plwIMxrTXpvpfzl4e+Nre6vBVRR2HKeGGcvpJyyL3/PpiSg+cJG2KpTmZmq934Olb6e5A==",
      "dependencies": [
        "@smithy/types",
        "tslib"
      ]
    },
    "@smithy/is-array-buffer@2.2.0": {
      "integrity": "sha512-GGP3O9QFD24uGeAXYUjwSTXARoqpZykHadOmA8G5vfJPK0/DC67qa//0qvqrJzL1xc8WQWX7/yc7fwudjPHPhA==",
      "dependencies": [
        "tslib"
      ]
    },
    "@smithy/is-array-buffer@4.2.0": {
      "integrity": "sha512-DZZZBvC7sjcYh4MazJSGiWMI2L7E0oCiRHREDzIxi/M2LY79/21iXt6aPLHge82wi5LsuRF5A06Ds3+0mlh6CQ==",
      "dependencies": [
        "tslib"
      ]
    },
    "@smithy/middleware-content-length@4.2.5": {
      "integrity": "sha512-Y/RabVa5vbl5FuHYV2vUCwvh/dqzrEY/K2yWPSqvhFUwIY0atLqO4TienjBXakoy4zrKAMCZwg+YEqmH7jaN7A==",
      "dependencies": [
        "@smithy/protocol-http",
        "@smithy/types",
        "tslib"
      ]
    },
    "@smithy/middleware-endpoint@4.3.14": {
      "integrity": "sha512-v0q4uTKgBM8dsqGjqsabZQyH85nFaTnFcgpWU1uydKFsdyyMzfvOkNum9G7VK+dOP01vUnoZxIeRiJ6uD0kjIg==",
      "dependencies": [
        "@smithy/core",
        "@smithy/middleware-serde",
        "@smithy/node-config-provider",
        "@smithy/shared-ini-file-loader",
        "@smithy/types",
        "@smithy/url-parser",
        "@smithy/util-middleware",
        "tslib"
      ]
    },
    "@smithy/middleware-retry@4.4.14": {
      "integrity": "sha512-Z2DG8Ej7FyWG1UA+7HceINtSLzswUgs2np3sZX0YBBxCt+CXG4QUxv88ZDS3+2/1ldW7LqtSY1UO/6VQ1pND8Q==",
      "dependencies": [
        "@smithy/node-config-provider",
        "@smithy/protocol-http",
        "@smithy/service-error-classification",
        "@smithy/smithy-client",
        "@smithy/types",
        "@smithy/util-middleware",
        "@smithy/util-retry",
        "@smithy/uuid",
        "tslib"
      ]
    },
    "@smithy/middleware-serde@4.2.6": {
      "integrity": "sha512-VkLoE/z7e2g8pirwisLz8XJWedUSY8my/qrp81VmAdyrhi94T+riBfwP+AOEEFR9rFTSonC/5D2eWNmFabHyGQ==",
      "dependencies": [
        "@smithy/protocol-http",
        "@smithy/types",
        "tslib"
      ]
    },
    "@smithy/middleware-stack@4.2.5": {
      "integrity": "sha512-bYrutc+neOyWxtZdbB2USbQttZN0mXaOyYLIsaTbJhFsfpXyGWUxJpEuO1rJ8IIJm2qH4+xJT0mxUSsEDTYwdQ==",
      "dependencies": [
        "@smithy/types",
        "tslib"
      ]
    },
    "@smithy/node-config-provider@4.3.5": {
      "integrity": "sha512-UTurh1C4qkVCtqggI36DGbLB2Kv8UlcFdMXDcWMbqVY2uRg0XmT9Pb4Vj6oSQ34eizO1fvR0RnFV4Axw4IrrAg==",
      "dependencies": [
        "@smithy/property-provider",
        "@smithy/shared-ini-file-loader",
        "@smithy/types",
        "tslib"
      ]
    },
    "@smithy/node-http-handler@4.4.5": {
      "integrity": "sha512-CMnzM9R2WqlqXQGtIlsHMEZfXKJVTIrqCNoSd/QpAyp+Dw0a1Vps13l6ma1fH8g7zSPNsA59B/kWgeylFuA/lw==",
      "dependencies": [
        "@smithy/abort-controller",
        "@smithy/protocol-http",
        "@smithy/querystring-builder",
        "@smithy/types",
        "tslib"
      ]
    },
    "@smithy/property-provider@4.2.5": {
      "integrity": "sha512-8iLN1XSE1rl4MuxvQ+5OSk/Zb5El7NJZ1td6Tn+8dQQHIjp59Lwl6bd0+nzw6SKm2wSSriH2v/I9LPzUic7EOg==",
      "dependencies": [
        "@smithy/types",
        "tslib"
      ]
    },
    "@smithy/protocol-http@5.3.5": {
      "integrity": "sha512-RlaL+sA0LNMp03bf7XPbFmT5gN+w3besXSWMkA8rcmxLSVfiEXElQi4O2IWwPfxzcHkxqrwBFMbngB8yx/RvaQ==",
      "dependencies": [
        "@smithy/types",
        "tslib"
      ]
    },
    "@smithy/querystring-builder@4.2.5": {
      "integrity": "sha512-y98otMI1saoajeik2kLfGyRp11e5U/iJYH/wLCh3aTV/XutbGT9nziKGkgCaMD1ghK7p6htHMm6b6scl9JRUWg==",
      "dependencies": [
        "@smithy/types",
        "@smithy/util-uri-escape",
        "tslib"
      ]
    },
    "@smithy/querystring-parser@4.2.5": {
      "integrity": "sha512-031WCTdPYgiQRYNPXznHXof2YM0GwL6SeaSyTH/P72M1Vz73TvCNH2Nq8Iu2IEPq9QP2yx0/nrw5YmSeAi/AjQ==",
      "dependencies": [
        "@smithy/types",
        "tslib"
      ]
    },
    "@smithy/service-error-classification@4.2.5": {
      "integrity": "sha512-8fEvK+WPE3wUAcDvqDQG1Vk3ANLR8Px979te96m84CbKAjBVf25rPYSzb4xU4hlTyho7VhOGnh5i62D/JVF0JQ==",
      "dependencies": [
        "@smithy/types"
      ]
    },
    "@smithy/shared-ini-file-loader@4.4.0": {
      "integrity": "sha512-5WmZ5+kJgJDjwXXIzr1vDTG+RhF9wzSODQBfkrQ2VVkYALKGvZX1lgVSxEkgicSAFnFhPj5rudJV0zoinqS0bA==",
      "dependencies": [
        "@smithy/types",
        "tslib"
      ]
    },
    "@smithy/signature-v4@5.3.5": {
      "integrity": "sha512-xSUfMu1FT7ccfSXkoLl/QRQBi2rOvi3tiBZU2Tdy3I6cgvZ6SEi9QNey+lqps/sJRnogIS+lq+B1gxxbra2a/w==",
      "dependencies": [
        "@smithy/is-array-buffer@4.2.0",
        "@smithy/protocol-http",
        "@smithy/types",
        "@smithy/util-hex-encoding",
        "@smithy/util-middleware",
        "@smithy/util-uri-escape",
        "@smithy/util-utf8@4.2.0",
        "tslib"
      ]
    },
    "@smithy/smithy-client@4.9.10": {
      "integrity": "sha512-Jaoz4Jw1QYHc1EFww/E6gVtNjhoDU+gwRKqXP6C3LKYqqH2UQhP8tMP3+t/ePrhaze7fhLE8vS2q6vVxBANFTQ==",
      "dependencies": [
        "@smithy/core",
        "@smithy/middleware-endpoint",
        "@smithy/middleware-stack",
        "@smithy/protocol-http",
        "@smithy/types",
        "@smithy/util-stream",
        "tslib"
      ]
    },
    "@smithy/types@4.9.0": {
      "integrity": "sha512-MvUbdnXDTwykR8cB1WZvNNwqoWVaTRA0RLlLmf/cIFNMM2cKWz01X4Ly6SMC4Kks30r8tT3Cty0jmeWfiuyHTA==",
      "dependencies": [
        "tslib"
      ]
    },
    "@smithy/url-parser@4.2.5": {
      "integrity": "sha512-VaxMGsilqFnK1CeBX+LXnSuaMx4sTL/6znSZh2829txWieazdVxr54HmiyTsIbpOTLcf5nYpq9lpzmwRdxj6rQ==",
      "dependencies": [
        "@smithy/querystring-parser",
        "@smithy/types",
        "tslib"
      ]
    },
    "@smithy/util-base64@4.3.0": {
      "integrity": "sha512-GkXZ59JfyxsIwNTWFnjmFEI8kZpRNIBfxKjv09+nkAWPt/4aGaEWMM04m4sxgNVWkbt2MdSvE3KF/PfX4nFedQ==",
      "dependencies": [
        "@smithy/util-buffer-from@4.2.0",
        "@smithy/util-utf8@4.2.0",
        "tslib"
      ]
    },
    "@smithy/util-body-length-browser@4.2.0": {
      "integrity": "sha512-Fkoh/I76szMKJnBXWPdFkQJl2r9SjPt3cMzLdOB6eJ4Pnpas8hVoWPYemX/peO0yrrvldgCUVJqOAjUrOLjbxg==",
      "dependencies": [
        "tslib"
      ]
    },
    "@smithy/util-body-length-node@4.2.1": {
      "integrity": "sha512-h53dz/pISVrVrfxV1iqXlx5pRg3V2YWFcSQyPyXZRrZoZj4R4DeWRDo1a7dd3CPTcFi3kE+98tuNyD2axyZReA==",
      "dependencies": [
        "tslib"
      ]
    },
    "@smithy/util-buffer-from@2.2.0": {
      "integrity": "sha512-IJdWBbTcMQ6DA0gdNhh/BwrLkDR+ADW5Kr1aZmd4k3DIF6ezMV4R2NIAmT08wQJ3yUK82thHWmC/TnK/wpMMIA==",
      "dependencies": [
        "@smithy/is-array-buffer@2.2.0",
        "tslib"
      ]
    },
    "@smithy/util-buffer-from@4.2.0": {
      "integrity": "sha512-kAY9hTKulTNevM2nlRtxAG2FQ3B2OR6QIrPY3zE5LqJy1oxzmgBGsHLWTcNhWXKchgA0WHW+mZkQrng/pgcCew==",
      "dependencies": [
        "@smithy/is-array-buffer@4.2.0",
        "tslib"
      ]
    },
    "@smithy/util-config-provider@4.2.0": {
      "integrity": "sha512-YEjpl6XJ36FTKmD+kRJJWYvrHeUvm5ykaUS5xK+6oXffQPHeEM4/nXlZPe+Wu0lsgRUcNZiliYNh/y7q9c2y6Q==",
      "dependencies": [
        "tslib"
      ]
    },
    "@smithy/util-defaults-mode-browser@4.3.13": {
      "integrity": "sha512-hlVLdAGrVfyNei+pKIgqDTxfu/ZI2NSyqj4IDxKd5bIsIqwR/dSlkxlPaYxFiIaDVrBy0he8orsFy+Cz119XvA==",
      "dependencies": [
        "@smithy/property-provider",
        "@smithy/smithy-client",
        "@smithy/types",
        "tslib"
      ]
    },
    "@smithy/util-defaults-mode-node@4.2.16": {
      "integrity": "sha512-F1t22IUiJLHrxW9W1CQ6B9PN+skZ9cqSuzB18Eh06HrJPbjsyZ7ZHecAKw80DQtyGTRcVfeukKaCRYebFwclbg==",
      "dependencies": [
        "@smithy/config-resolver",
        "@smithy/credential-provider-imds",
        "@smithy/node-config-provider",
        "@smithy/property-provider",
        "@smithy/smithy-client",
        "@smithy/types",
        "tslib"
      ]
    },
    "@smithy/util-endpoints@3.2.5": {
      "integrity": "sha512-3O63AAWu2cSNQZp+ayl9I3NapW1p1rR5mlVHcF6hAB1dPZUQFfRPYtplWX/3xrzWthPGj5FqB12taJJCfH6s8A==",
      "dependencies": [
        "@smithy/node-config-provider",
        "@smithy/types",
        "tslib"
      ]
    },
    "@smithy/util-hex-encoding@4.2.0": {
      "integrity": "sha512-CCQBwJIvXMLKxVbO88IukazJD9a4kQ9ZN7/UMGBjBcJYvatpWk+9g870El4cB8/EJxfe+k+y0GmR9CAzkF+Nbw==",
      "dependencies": [
        "tslib"
      ]
    },
    "@smithy/util-middleware@4.2.5": {
      "integrity": "sha512-6Y3+rvBF7+PZOc40ybeZMcGln6xJGVeY60E7jy9Mv5iKpMJpHgRE6dKy9ScsVxvfAYuEX4Q9a65DQX90KaQ3bA==",
      "dependencies": [
        "@smithy/types",
        "tslib"
      ]
    },
    "@smithy/util-retry@4.2.5": {
      "integrity": "sha512-GBj3+EZBbN4NAqJ/7pAhsXdfzdlznOh8PydUijy6FpNIMnHPSMO2/rP4HKu+UFeikJxShERk528oy7GT79YiJg==",
      "dependencies": [
        "@smithy/service-error-classification",
        "@smithy/types",
        "tslib"
      ]
    },
    "@smithy/util-stream@4.5.6": {
      "integrity": "sha512-qWw/UM59TiaFrPevefOZ8CNBKbYEP6wBAIlLqxn3VAIo9rgnTNc4ASbVrqDmhuwI87usnjhdQrxodzAGFFzbRQ==",
      "dependencies": [
        "@smithy/fetch-http-handler",
        "@smithy/node-http-handler",
        "@smithy/types",
        "@smithy/util-base64",
        "@smithy/util-buffer-from@4.2.0",
        "@smithy/util-hex-encoding",
        "@smithy/util-utf8@4.2.0",
        "tslib"
      ]
    },
    "@smithy/util-uri-escape@4.2.0": {
      "integrity": "sha512-igZpCKV9+E/Mzrpq6YacdTQ0qTiLm85gD6N/IrmyDvQFA4UnU3d5g3m8tMT/6zG/vVkWSU+VxeUyGonL62DuxA==",
      "dependencies": [
        "tslib"
      ]
    },
    "@smithy/util-utf8@2.3.0": {
      "integrity": "sha512-R8Rdn8Hy72KKcebgLiv8jQcQkXoLMOGGv5uI1/k0l+snqkOzQ1R0ChUBCxWMlBsFMekWjq0wRudIweFs7sKT5A==",
      "dependencies": [
        "@smithy/util-buffer-from@2.2.0",
        "tslib"
      ]
    },
    "@smithy/util-utf8@4.2.0": {
      "integrity": "sha512-zBPfuzoI8xyBtR2P6WQj63Rz8i3AmfAaJLuNG8dWsfvPe8lO4aCPYLn879mEgHndZH1zQ2oXmG8O1GGzzaoZiw==",
      "dependencies": [
        "@smithy/util-buffer-from@4.2.0",
        "tslib"
      ]
    },
    "@smithy/util-waiter@4.2.5": {
      "integrity": "sha512-Dbun99A3InifQdIrsXZ+QLcC0PGBPAdrl4cj1mTgJvyc9N2zf7QSxg8TBkzsCmGJdE3TLbO9ycwpY0EkWahQ/g==",
      "dependencies": [
        "@smithy/abort-controller",
        "@smithy/types",
        "tslib"
      ]
    },
    "@smithy/uuid@1.1.0": {
      "integrity": "sha512-4aUIteuyxtBUhVdiQqcDhKFitwfd9hqoSDYY2KRXiWtgoWJ9Bmise+KfEPDiVHWeJepvF8xJO9/9+WDIciMFFw==",
      "dependencies": [
        "tslib"
      ]
    },
    "@types/node@24.2.0": {
      "integrity": "sha512-3xyG3pMCq3oYCNg7/ZP+E1ooTaGB4cG8JWRsqqOYQdbWNY4zbaV0Ennrd7stjiJEFZCaybcIgpTjJWHRfBSIDw==",
      "dependencies": [
        "undici-types"
      ]
    },
    "@types/nodemailer@6.4.21": {
      "integrity": "sha512-Eix+sb/Nj28MNnWvO2X1OLrk5vuD4C9SMnb2Vf4itWnxphYeSceqkFX7IdmxTzn+dvmnNz7paMbg4Uc60wSfJg==",
      "dependencies": [
        "@aws-sdk/client-ses",
        "@types/node"
      ]
    },
    "bowser@2.13.1": {
      "integrity": "sha512-OHawaAbjwx6rqICCKgSG0SAnT05bzd7ppyKLVUITZpANBaaMFBAsaNkto3LoQ31tyFP5kNujE8Cdx85G9VzOkw=="
    },
    "fast-xml-parser@5.2.5": {
      "integrity": "sha512-pfX9uG9Ki0yekDHx2SiuRIyFdyAr1kMIMitPvb0YBo8SUfKvia7w7FIyd/l6av85pFYRhZscS75MwMnbvY+hcQ==",
      "dependencies": [
        "strnum"
      ],
      "bin": true
    },
    "handlebars@4.7.8": {
      "integrity": "sha512-vafaFqs8MZkRrSX7sFVUdo3ap/eNiLnb4IakshzvP56X5Nr1iGKAIqdX6tMlm6HcNRIkr6AxO5jFEoJzzpT8aQ==",
      "dependencies": [
        "minimist",
        "neo-async",
        "source-map",
        "wordwrap"
      ],
      "optionalDependencies": [
        "uglify-js"
      ],
      "bin": true
    },
    "minimist@1.2.8": {
      "integrity": "sha512-2yyAR8qBkN3YuheJanUpWC5U3bb5osDywNB8RzDVlDwDHbocAJveqqj1u8+SVD7jkWT4yvsHCpWqqWqAxb0zCA=="
    },
    "neo-async@2.6.2": {
      "integrity": "sha512-Yd3UES5mWCSqR+qNT93S3UoYUkqAZ9lLg8a7g9rimsWmYGK8cVToA4/sF3RrshdyV3sAGMXVUmpMYOw+dLpOuw=="
    },
    "nodemailer@6.10.1": {
      "integrity": "sha512-Z+iLaBGVaSjbIzQ4pX6XV41HrooLsQ10ZWPUehGmuantvzWoDVBnmsdUcOIDM1t+yPor5pDhVlDESgOMEGxhHA=="
    },
    "source-map@0.6.1": {
      "integrity": "sha512-UjgapumWlbMhkBgzT7Ykc5YXUT46F0iKu8SGXq0bcwP5dz/h0Plj6enJqjz1Zbq2l5WaqYnrVbwWOWMyF3F47g=="
    },
    "strnum@2.1.1": {
      "integrity": "sha512-7ZvoFTiCnGxBtDqJ//Cu6fWtZtc7Y3x+QOirG15wztbdngGSkht27o2pyGWrVy0b4WAy3jbKmnoK6g5VlVNUUw=="
    },
    "tslib@2.8.1": {
      "integrity": "sha512-oJFu94HQb+KVduSUQL7wnpmqnfmLsOA/nAh6b6EH0wCEoK0/mPeXU6c3wKDV83MkOuHPRHtSXKKU99IBazS/2w=="
    },
    "uglify-js@3.19.3": {
      "integrity": "sha512-v3Xu+yuwBXisp6QYTcH4UbH+xYJXqnq2m/LtQVWKWzYc1iehYnLixoQDN9FH6/j9/oybfd6W9Ghwkl8+UMKTKQ==",
      "bin": true
    },
    "undici-types@7.10.0": {
      "integrity": "sha512-t5Fy/nfn+14LuOc2KNYg75vZqClpAiqscVvMygNnlsHBFpSXdJaYtXMcdNLpl/Qvc3P2cB3s6lOV51nqsFq4ag=="
    },
    "wordwrap@1.0.0": {
      "integrity": "sha512-gvVzJFlPycKc5dZN4yPkP8w7Dc37BtP1yczEneOb4uq34pXZcvrtRTmWV8W+Ume+XCxKgbjM+nevkyFPMybd4Q=="
    }
  },
  "redirects": {
    "https://deno.land/std/assert/mod.ts": "https://deno.land/std@0.224.0/assert/mod.ts"
  },
  "remote": {
    "https://deno.land/std@0.224.0/assert/_constants.ts": "a271e8ef5a573f1df8e822a6eb9d09df064ad66a4390f21b3e31f820a38e0975",
    "https://deno.land/std@0.224.0/assert/assert.ts": "09d30564c09de846855b7b071e62b5974b001bb72a4b797958fe0660e7849834",
    "https://deno.land/std@0.224.0/assert/assert_almost_equals.ts": "9e416114322012c9a21fa68e187637ce2d7df25bcbdbfd957cd639e65d3cf293",
    "https://deno.land/std@0.224.0/assert/assert_array_includes.ts": "14c5094471bc8e4a7895fc6aa5a184300d8a1879606574cb1cd715ef36a4a3c7",
    "https://deno.land/std@0.224.0/assert/assert_equals.ts": "3bbca947d85b9d374a108687b1a8ba3785a7850436b5a8930d81f34a32cb8c74",
    "https://deno.land/std@0.224.0/assert/assert_exists.ts": "43420cf7f956748ae6ed1230646567b3593cb7a36c5a5327269279c870c5ddfd",
    "https://deno.land/std@0.224.0/assert/assert_false.ts": "3e9be8e33275db00d952e9acb0cd29481a44fa0a4af6d37239ff58d79e8edeff",
    "https://deno.land/std@0.224.0/assert/assert_greater.ts": "5e57b201fd51b64ced36c828e3dfd773412c1a6120c1a5a99066c9b261974e46",
    "https://deno.land/std@0.224.0/assert/assert_greater_or_equal.ts": "9870030f997a08361b6f63400273c2fb1856f5db86c0c3852aab2a002e425c5b",
    "https://deno.land/std@0.224.0/assert/assert_instance_of.ts": "e22343c1fdcacfaea8f37784ad782683ec1cf599ae9b1b618954e9c22f376f2c",
    "https://deno.land/std@0.224.0/assert/assert_is_error.ts": "f856b3bc978a7aa6a601f3fec6603491ab6255118afa6baa84b04426dd3cc491",
    "https://deno.land/std@0.224.0/assert/assert_less.ts": "60b61e13a1982865a72726a5fa86c24fad7eb27c3c08b13883fb68882b307f68",
    "https://deno.land/std@0.224.0/assert/assert_less_or_equal.ts": "d2c84e17faba4afe085e6c9123a63395accf4f9e00150db899c46e67420e0ec3",
    "https://deno.land/std@0.224.0/assert/assert_match.ts": "ace1710dd3b2811c391946954234b5da910c5665aed817943d086d4d4871a8b7",
    "https://deno.land/std@0.224.0/assert/assert_not_equals.ts": "78d45dd46133d76ce624b2c6c09392f6110f0df9b73f911d20208a68dee2ef29",
    "https://deno.land/std@0.224.0/assert/assert_not_instance_of.ts": "3434a669b4d20cdcc5359779301a0588f941ffdc2ad68803c31eabdb4890cf7a",
    "https://deno.land/std@0.224.0/assert/assert_not_match.ts": "df30417240aa2d35b1ea44df7e541991348a063d9ee823430e0b58079a72242a",
    "https://deno.land/std@0.224.0/assert/assert_not_strict_equals.ts": "37f73880bd672709373d6dc2c5f148691119bed161f3020fff3548a0496f71b8",
    "https://deno.land/std@0.224.0/assert/assert_object_match.ts": "411450fd194fdaabc0089ae68f916b545a49d7b7e6d0026e84a54c9e7eed2693",
    "https://deno.land/std@0.224.0/assert/assert_rejects.ts": "4bee1d6d565a5b623146a14668da8f9eb1f026a4f338bbf92b37e43e0aa53c31",
    "https://deno.land/std@0.224.0/assert/assert_strict_equals.ts": "b4f45f0fd2e54d9029171876bd0b42dd9ed0efd8f853ab92a3f50127acfa54f5",
    "https://deno.land/std@0.224.0/assert/assert_string_includes.ts": "496b9ecad84deab72c8718735373feb6cdaa071eb91a98206f6f3cb4285e71b8",
    "https://deno.land/std@0.224.0/assert/assert_throws.ts": "c6508b2879d465898dab2798009299867e67c570d7d34c90a2d235e4553906eb",
    "https://deno.land/std@0.224.0/assert/assertion_error.ts": "ba8752bd27ebc51f723702fac2f54d3e94447598f54264a6653d6413738a8917",
    "https://deno.land/std@0.224.0/assert/equal.ts": "bddf07bb5fc718e10bb72d5dc2c36c1ce5a8bdd3b647069b6319e07af181ac47",
    "https://deno.land/std@0.224.0/assert/fail.ts": "0eba674ffb47dff083f02ced76d5130460bff1a9a68c6514ebe0cdea4abadb68",
    "https://deno.land/std@0.224.0/assert/mod.ts": "48b8cb8a619ea0b7958ad7ee9376500fe902284bb36f0e32c598c3dc34cbd6f3",
    "https://deno.land/std@0.224.0/assert/unimplemented.ts": "8c55a5793e9147b4f1ef68cd66496b7d5ba7a9e7ca30c6da070c1a58da723d73",
    "https://deno.land/std@0.224.0/assert/unreachable.ts": "5ae3dbf63ef988615b93eb08d395dda771c96546565f9e521ed86f6510c29e19",
    "https://deno.land/std@0.224.0/fmt/colors.ts": "508563c0659dd7198ba4bbf87e97f654af3c34eb56ba790260f252ad8012e1c5",
    "https://deno.land/std@0.224.0/internal/diff.ts": "6234a4b493ebe65dc67a18a0eb97ef683626a1166a1906232ce186ae9f65f4e6",
    "https://deno.land/std@0.224.0/internal/format.ts": "0a98ee226fd3d43450245b1844b47003419d34d210fa989900861c79820d21c2",
    "https://deno.land/std@0.224.0/internal/mod.ts": "534125398c8e7426183e12dc255bb635d94e06d0f93c60a297723abe69d3b22e"
  },
  "workspace": {
    "dependencies": [
      "npm:handlebars@^4.7.8",
      "npm:nodemailer@^6.9.7"
    ]
  }
}
